// !$*UTF8*$!
{
	archiveVersion = 1;
	classes = {
	};
	objectVersion = 70;
	objects = {

/* Begin PBXBuildFile section */
		05E7BED3019A4D3EAB1E789A /* ContentView.swift in Sources */ = {isa = PBXBuildFile; fileRef = CD60C283C01847C79E70DCB9 /* ContentView.swift */; };
		18D235F2DD5FE6F2CA7739D8 /* PlaybackEngine.swift in Sources */ = {isa = PBXBuildFile; fileRef = 5ABB3C7555213BF17F8CE38E /* PlaybackEngine.swift */; };
		2F6E44EBB24449EDA0D45D5A /* LibraryView.swift in Sources */ = {isa = PBXBuildFile; fileRef = CDC3371247FC4A41A1F41C0F /* LibraryView.swift */; };
		346E888023EFF2C93B268470 /* JointDragProjector.swift in Sources */ = {isa = PBXBuildFile; fileRef = 901F77D623A462E5F44D0125 /* JointDragProjector.swift */; };
		384F9F216209C9E2C51394F9 /* PlaybackModel.swift in Sources */ = {isa = PBXBuildFile; fileRef = 9680E2037EF0E5336B5BACA6 /* PlaybackModel.swift */; };
		4F0F396089DB4A62ABFE8E38 /* UserIdentity.swift in Sources */ = {isa = PBXBuildFile; fileRef = BEB6192C006A4D5AAC83C296 /* UserIdentity.swift */; };
		5AA69FCF5B014BF99A6F3571 /* DebugLog.swift in Sources */ = {isa = PBXBuildFile; fileRef = D861829D58114A9AADE83B96 /* DebugLog.swift */; };
		5BE800B626F1829814106523 /* PersonPresenceDetector.swift in Sources */ = {isa = PBXBuildFile; fileRef = FBC944814DE1B8BBD1B61C42 /* PersonPresenceDetector.swift */; };
		668D2FDE36D8430C9E10EED4 /* DeveloperSettings.swift in Sources */ = {isa = PBXBuildFile; fileRef = D5D86334302B42F0ADDD357A /* DeveloperSettings.swift */; };
		66C88F3E087B464E87388EB7 /* LiDARSupport.swift in Sources */ = {isa = PBXBuildFile; fileRef = BF324A61D6564EBD9F31224A /* LiDARSupport.swift */; };
		6851B74A302EE58100940510 /* PlaybackViewV2.swift in Sources */ = {isa = PBXBuildFile; fileRef = 6851B749302EE57400940510 /* PlaybackViewV2.swift */; };
		6851B759302F18F800940510 /* AnnotationStrokeModel.swift in Sources */ = {isa = PBXBuildFile; fileRef = 6851B758302F18EB00940510 /* AnnotationStrokeModel.swift */; };
		6851B75B302F34AA00940510 /* VideoMarkerModel.swift in Sources */ = {isa = PBXBuildFile; fileRef = 6851B75A302F349B00940510 /* VideoMarkerModel.swift */; };
		6851B765302F50A500940510 /* RecordingViewV2.swift in Sources */ = {isa = PBXBuildFile; fileRef = 6851B764302F509F00940510 /* RecordingViewV2.swift */; };
		6851B767302F5F5000940510 /* RecordingSessionV2.swift in Sources */ = {isa = PBXBuildFile; fileRef = 6851B766302F5F4C00940510 /* RecordingSessionV2.swift */; };
		6851B769302F5FC100940510 /* VideoAttemptV2.swift in Sources */ = {isa = PBXBuildFile; fileRef = 6851B768302F5FBD00940510 /* VideoAttemptV2.swift */; };
		6851B777302F660700940510 /* SessionStoreV2.swift in Sources */ = {isa = PBXBuildFile; fileRef = 6851B776302F65F400940510 /* SessionStoreV2.swift */; };
		6851B77A30303A1500940510 /* PlaybackLayerV2.swift in Sources */ = {isa = PBXBuildFile; fileRef = 6851B779303039FD00940510 /* PlaybackLayerV2.swift */; };
		6851B77D30304F9300940510 /* RecordingThumbnail.swift in Sources */ = {isa = PBXBuildFile; fileRef = 6851B77C30304F8600940510 /* RecordingThumbnail.swift */; };
		6851B77F3030576A00940510 /* Generate3DEngine.swift in Sources */ = {isa = PBXBuildFile; fileRef = 6851B77E3030575F00940510 /* Generate3DEngine.swift */; };
		6851B78130305BFE00940510 /* Video3DLidarModel.swift in Sources */ = {isa = PBXBuildFile; fileRef = 6851B78030305BC800940510 /* Video3DLidarModel.swift */; };
		6851B7833030792100940510 /* Video3DLidarGenerator.swift in Sources */ = {isa = PBXBuildFile; fileRef = 6851B7823030791600940510 /* Video3DLidarGenerator.swift */; };
		6851B785303089FE00940510 /* Skeleton3DView.swift in Sources */ = {isa = PBXBuildFile; fileRef = 6851B784303089DA00940510 /* Skeleton3DView.swift */; };
		6851B78730308A7F00940510 /* AppleVisionSkeleton.swift in Sources */ = {isa = PBXBuildFile; fileRef = 6851B78630308A7900940510 /* AppleVisionSkeleton.swift */; };
		6851B78930308B4600940510 /* Skeleton3DSceneView.swift in Sources */ = {isa = PBXBuildFile; fileRef = 6851B78830308B3A00940510 /* Skeleton3DSceneView.swift */; };
		6851B78B30308CAB00940510 /* Video3DRealityKit.swift in Sources */ = {isa = PBXBuildFile; fileRef = 6851B78A30308C8800940510 /* Video3DRealityKit.swift */; };
		6851B78D3030C76D00940510 /* ARFrameData.swift in Sources */ = {isa = PBXBuildFile; fileRef = 6851B78C3030C75F00940510 /* ARFrameData.swift */; };
		6851B78F3030C87400940510 /* VideoRecorderEngine.swift in Sources */ = {isa = PBXBuildFile; fileRef = 6851B78E3030C86900940510 /* VideoRecorderEngine.swift */; };
		6851B7913030C90400940510 /* RecordingEngineV2.swift in Sources */ = {isa = PBXBuildFile; fileRef = 6851B7903030C90300940510 /* RecordingEngineV2.swift */; };
		6851B7933031D53F00940510 /* LibraryRow.swift in Sources */ = {isa = PBXBuildFile; fileRef = 6851B7923031D53B00940510 /* LibraryRow.swift */; };
		6851B7953031D58200940510 /* OfflinePlaybackView.swift in Sources */ = {isa = PBXBuildFile; fileRef = 6851B7943031D57800940510 /* OfflinePlaybackView.swift */; };
		6851B7973031D87500940510 /* AppleVisionEstimator.swift in Sources */ = {isa = PBXBuildFile; fileRef = 6851B7963031D87000940510 /* AppleVisionEstimator.swift */; };
		6851B7993031D97E00940510 /* OfflinePlaybackLayer.swift in Sources */ = {isa = PBXBuildFile; fileRef = 6851B7983031D97300940510 /* OfflinePlaybackLayer.swift */; };
		6851B7AB3032B2BD00940510 /* AnnotationComponent.swift in Sources */ = {isa = PBXBuildFile; fileRef = 6851B7AA3032B2BD00940510 /* AnnotationComponent.swift */; };
		6A486FC48327CB3E4DD890A2 /* SkeletonPoseEditor.swift in Sources */ = {isa = PBXBuildFile; fileRef = F51954CE07428B14B9FF01B5 /* SkeletonPoseEditor.swift */; };
		75B89066060A4F8699D2A31E /* CodableSIMD.swift in Sources */ = {isa = PBXBuildFile; fileRef = 20B2647AD84A4B6F936DA85C /* CodableSIMD.swift */; };
		7CF90842E6D24633978BE72F /* VideoFrameExtractor.swift in Sources */ = {isa = PBXBuildFile; fileRef = 9580A7E9AC6F41949CB81ABC /* VideoFrameExtractor.swift */; };
		9702347BBA1E4DC8BEDFAB0B /* DeviceDiagnostics.swift in Sources */ = {isa = PBXBuildFile; fileRef = 923E1FFE35ED43AA92BA1AF2 /* DeviceDiagnostics.swift */; };
		9AE9D271DFEB4188832DD8AD /* Assets.xcassets in Resources */ = {isa = PBXBuildFile; fileRef = 4627689E22B94DEBB591BB78 /* Assets.xcassets */; };
		9B1B8797B9AB48D784BAD1CB /* ARMeshSceneView.swift in Sources */ = {isa = PBXBuildFile; fileRef = 3702A0EF35964E97A7E1D492 /* ARMeshSceneView.swift */; };
		9F3042E7A5794DB897BA4FDB /* SendSocietyApp.swift in Sources */ = {isa = PBXBuildFile; fileRef = 1E5E1CA18D9647FFA80F535D /* SendSocietyApp.swift */; };
		BAA080405F83421C8E619A5B /* ARSessionManager.swift in Sources */ = {isa = PBXBuildFile; fileRef = 11847F3954984489906204D4 /* ARSessionManager.swift */; };
		C97AA6126687468B83098033 /* WallScanArchive.swift in Sources */ = {isa = PBXBuildFile; fileRef = AD01BFB14BE3474B9C27A515 /* WallScanArchive.swift */; };
		D3373B559DA7FDC2CCE1AF39 /* SkeletonImageOverlayView.swift in Sources */ = {isa = PBXBuildFile; fileRef = 925CFC13EAECBC1BFF788E21 /* SkeletonImageOverlayView.swift */; };
		D5FD368E50CF49F0BFBDA362 /* PixelBufferCopy.swift in Sources */ = {isa = PBXBuildFile; fileRef = 230F572E3FAC418F97998530 /* PixelBufferCopy.swift */; };
		D96EA0DEEE064E5AA1092966 /* EnumModels.swift in Sources */ = {isa = PBXBuildFile; fileRef = 42BF999F98834402830605C8 /* EnumModels.swift */; };
		DC9F38EBD4AEF3CFF2222AA4 /* LibraryEngine.swift in Sources */ = {isa = PBXBuildFile; fileRef = 7A2EACC8906161F57BB8245E /* LibraryEngine.swift */; };
		EBDE42897A9A40BAAC39292C /* MeshToggleButton.swift in Sources */ = {isa = PBXBuildFile; fileRef = A616EBAFCA4445988B933BE9 /* MeshToggleButton.swift */; };
		F67314CEECD44118860F3125 /* SessionFileStore.swift in Sources */ = {isa = PBXBuildFile; fileRef = AD5512CAFDE841AFB01DCEDF /* SessionFileStore.swift */; };
/* End PBXBuildFile section */

/* Begin PBXFileReference section */
		017E50A5312541079C0CCA68 /* Info.plist */ = {isa = PBXFileReference; lastKnownFileType = text.plist.xml; path = Info.plist; sourceTree = "<group>"; };
		11847F3954984489906204D4 /* ARSessionManager.swift */ = {isa = PBXFileReference; lastKnownFileType = sourcecode.swift; path = ARSessionManager.swift; sourceTree = "<group>"; };
		1E5E1CA18D9647FFA80F535D /* SendSocietyApp.swift */ = {isa = PBXFileReference; lastKnownFileType = sourcecode.swift; path = SendSocietyApp.swift; sourceTree = "<group>"; };
		20B2647AD84A4B6F936DA85C /* CodableSIMD.swift */ = {isa = PBXFileReference; lastKnownFileType = sourcecode.swift; path = CodableSIMD.swift; sourceTree = "<group>"; };
		230F572E3FAC418F97998530 /* PixelBufferCopy.swift */ = {isa = PBXFileReference; lastKnownFileType = sourcecode.swift; path = PixelBufferCopy.swift; sourceTree = "<group>"; };
		27E4A34523354A76B854D9EF /* SendSociety.app */ = {isa = PBXFileReference; explicitFileType = wrapper.application; includeInIndex = 0; path = SendSociety.app; sourceTree = BUILT_PRODUCTS_DIR; };
		3702A0EF35964E97A7E1D492 /* ARMeshSceneView.swift */ = {isa = PBXFileReference; lastKnownFileType = sourcecode.swift; path = ARMeshSceneView.swift; sourceTree = "<group>"; };
		42BF999F98834402830605C8 /* EnumModels.swift */ = {isa = PBXFileReference; lastKnownFileType = sourcecode.swift; path = EnumModels.swift; sourceTree = "<group>"; };
		4627689E22B94DEBB591BB78 /* Assets.xcassets */ = {isa = PBXFileReference; lastKnownFileType = folder.assetcatalog; path = Assets.xcassets; sourceTree = "<group>"; };
		5ABB3C7555213BF17F8CE38E /* PlaybackEngine.swift */ = {isa = PBXFileReference; lastKnownFileType = sourcecode.swift; path = PlaybackEngine.swift; sourceTree = "<group>"; };
		6851B749302EE57400940510 /* PlaybackViewV2.swift */ = {isa = PBXFileReference; lastKnownFileType = sourcecode.swift; path = PlaybackViewV2.swift; sourceTree = "<group>"; };
		6851B758302F18EB00940510 /* AnnotationStrokeModel.swift */ = {isa = PBXFileReference; lastKnownFileType = sourcecode.swift; path = AnnotationStrokeModel.swift; sourceTree = "<group>"; };
		6851B75A302F349B00940510 /* VideoMarkerModel.swift */ = {isa = PBXFileReference; lastKnownFileType = sourcecode.swift; path = VideoMarkerModel.swift; sourceTree = "<group>"; };
		6851B764302F509F00940510 /* RecordingViewV2.swift */ = {isa = PBXFileReference; lastKnownFileType = sourcecode.swift; path = RecordingViewV2.swift; sourceTree = "<group>"; };
		6851B766302F5F4C00940510 /* RecordingSessionV2.swift */ = {isa = PBXFileReference; lastKnownFileType = sourcecode.swift; path = RecordingSessionV2.swift; sourceTree = "<group>"; };
		6851B768302F5FBD00940510 /* VideoAttemptV2.swift */ = {isa = PBXFileReference; lastKnownFileType = sourcecode.swift; path = VideoAttemptV2.swift; sourceTree = "<group>"; };
		6851B776302F65F400940510 /* SessionStoreV2.swift */ = {isa = PBXFileReference; lastKnownFileType = sourcecode.swift; path = SessionStoreV2.swift; sourceTree = "<group>"; };
		6851B779303039FD00940510 /* PlaybackLayerV2.swift */ = {isa = PBXFileReference; lastKnownFileType = sourcecode.swift; path = PlaybackLayerV2.swift; sourceTree = "<group>"; };
		6851B77C30304F8600940510 /* RecordingThumbnail.swift */ = {isa = PBXFileReference; lastKnownFileType = sourcecode.swift; path = RecordingThumbnail.swift; sourceTree = "<group>"; };
		6851B77E3030575F00940510 /* Generate3DEngine.swift */ = {isa = PBXFileReference; lastKnownFileType = sourcecode.swift; path = Generate3DEngine.swift; sourceTree = "<group>"; };
		6851B78030305BC800940510 /* Video3DLidarModel.swift */ = {isa = PBXFileReference; lastKnownFileType = sourcecode.swift; path = Video3DLidarModel.swift; sourceTree = "<group>"; };
		6851B7823030791600940510 /* Video3DLidarGenerator.swift */ = {isa = PBXFileReference; lastKnownFileType = sourcecode.swift; path = Video3DLidarGenerator.swift; sourceTree = "<group>"; };
		6851B784303089DA00940510 /* Skeleton3DView.swift */ = {isa = PBXFileReference; lastKnownFileType = sourcecode.swift; path = Skeleton3DView.swift; sourceTree = "<group>"; };
		6851B78630308A7900940510 /* AppleVisionSkeleton.swift */ = {isa = PBXFileReference; lastKnownFileType = sourcecode.swift; path = AppleVisionSkeleton.swift; sourceTree = "<group>"; };
		6851B78830308B3A00940510 /* Skeleton3DSceneView.swift */ = {isa = PBXFileReference; lastKnownFileType = sourcecode.swift; path = Skeleton3DSceneView.swift; sourceTree = "<group>"; };
		6851B78A30308C8800940510 /* Video3DRealityKit.swift */ = {isa = PBXFileReference; lastKnownFileType = sourcecode.swift; path = Video3DRealityKit.swift; sourceTree = "<group>"; };
		6851B78C3030C75F00940510 /* ARFrameData.swift */ = {isa = PBXFileReference; lastKnownFileType = sourcecode.swift; path = ARFrameData.swift; sourceTree = "<group>"; };
		6851B78E3030C86900940510 /* VideoRecorderEngine.swift */ = {isa = PBXFileReference; lastKnownFileType = sourcecode.swift; path = VideoRecorderEngine.swift; sourceTree = "<group>"; };
		6851B7903030C90300940510 /* RecordingEngineV2.swift */ = {isa = PBXFileReference; lastKnownFileType = sourcecode.swift; path = RecordingEngineV2.swift; sourceTree = "<group>"; };
		6851B7923031D53B00940510 /* LibraryRow.swift */ = {isa = PBXFileReference; lastKnownFileType = sourcecode.swift; path = LibraryRow.swift; sourceTree = "<group>"; };
		6851B7943031D57800940510 /* OfflinePlaybackView.swift */ = {isa = PBXFileReference; lastKnownFileType = sourcecode.swift; path = OfflinePlaybackView.swift; sourceTree = "<group>"; };
		6851B7963031D87000940510 /* AppleVisionEstimator.swift */ = {isa = PBXFileReference; lastKnownFileType = sourcecode.swift; path = AppleVisionEstimator.swift; sourceTree = "<group>"; };
		6851B7983031D97300940510 /* OfflinePlaybackLayer.swift */ = {isa = PBXFileReference; lastKnownFileType = sourcecode.swift; path = OfflinePlaybackLayer.swift; sourceTree = "<group>"; };
		6851B7AA3032B2BD00940510 /* AnnotationComponent.swift */ = {isa = PBXFileReference; lastKnownFileType = sourcecode.swift; path = AnnotationComponent.swift; sourceTree = "<group>"; };
		7A2EACC8906161F57BB8245E /* LibraryEngine.swift */ = {isa = PBXFileReference; lastKnownFileType = sourcecode.swift; path = LibraryEngine.swift; sourceTree = "<group>"; };
		901F77D623A462E5F44D0125 /* JointDragProjector.swift */ = {isa = PBXFileReference; lastKnownFileType = sourcecode.swift; path = JointDragProjector.swift; sourceTree = "<group>"; };
		923E1FFE35ED43AA92BA1AF2 /* DeviceDiagnostics.swift */ = {isa = PBXFileReference; lastKnownFileType = sourcecode.swift; path = DeviceDiagnostics.swift; sourceTree = "<group>"; };
		925CFC13EAECBC1BFF788E21 /* SkeletonImageOverlayView.swift */ = {isa = PBXFileReference; lastKnownFileType = sourcecode.swift; path = SkeletonImageOverlayView.swift; sourceTree = "<group>"; };
		9580A7E9AC6F41949CB81ABC /* VideoFrameExtractor.swift */ = {isa = PBXFileReference; lastKnownFileType = sourcecode.swift; path = VideoFrameExtractor.swift; sourceTree = "<group>"; };
		9680E2037EF0E5336B5BACA6 /* PlaybackModel.swift */ = {isa = PBXFileReference; lastKnownFileType = sourcecode.swift; path = PlaybackModel.swift; sourceTree = "<group>"; };
		A616EBAFCA4445988B933BE9 /* MeshToggleButton.swift */ = {isa = PBXFileReference; lastKnownFileType = sourcecode.swift; path = MeshToggleButton.swift; sourceTree = "<group>"; };
		AD01BFB14BE3474B9C27A515 /* WallScanArchive.swift */ = {isa = PBXFileReference; lastKnownFileType = sourcecode.swift; path = WallScanArchive.swift; sourceTree = "<group>"; };
		AD5512CAFDE841AFB01DCEDF /* SessionFileStore.swift */ = {isa = PBXFileReference; lastKnownFileType = sourcecode.swift; path = SessionFileStore.swift; sourceTree = "<group>"; };
		BEB6192C006A4D5AAC83C296 /* UserIdentity.swift */ = {isa = PBXFileReference; lastKnownFileType = sourcecode.swift; path = UserIdentity.swift; sourceTree = "<group>"; };
		BF324A61D6564EBD9F31224A /* LiDARSupport.swift */ = {isa = PBXFileReference; lastKnownFileType = sourcecode.swift; path = LiDARSupport.swift; sourceTree = "<group>"; };
		CD60C283C01847C79E70DCB9 /* ContentView.swift */ = {isa = PBXFileReference; lastKnownFileType = sourcecode.swift; path = ContentView.swift; sourceTree = "<group>"; };
		CDC3371247FC4A41A1F41C0F /* LibraryView.swift */ = {isa = PBXFileReference; lastKnownFileType = sourcecode.swift; path = LibraryView.swift; sourceTree = "<group>"; };
		D5D86334302B42F0ADDD357A /* DeveloperSettings.swift */ = {isa = PBXFileReference; lastKnownFileType = sourcecode.swift; path = DeveloperSettings.swift; sourceTree = "<group>"; };
		D861829D58114A9AADE83B96 /* DebugLog.swift */ = {isa = PBXFileReference; lastKnownFileType = sourcecode.swift; path = DebugLog.swift; sourceTree = "<group>"; };
		F51954CE07428B14B9FF01B5 /* SkeletonPoseEditor.swift */ = {isa = PBXFileReference; lastKnownFileType = sourcecode.swift; path = SkeletonPoseEditor.swift; sourceTree = "<group>"; };
		FBC944814DE1B8BBD1B61C42 /* PersonPresenceDetector.swift */ = {isa = PBXFileReference; lastKnownFileType = sourcecode.swift; path = PersonPresenceDetector.swift; sourceTree = "<group>"; };
/* End PBXFileReference section */

/* Begin PBXFileSystemSynchronizedRootGroup section */
		1A8F2D9D302AEBF2005888A8 /* Onboarding */ = {isa = PBXFileSystemSynchronizedRootGroup; explicitFileTypes = {}; explicitFolders = (); path = Onboarding; sourceTree = "<group>"; };
		6851B74B302EE59D00940510 /* PlaybackComponent */ = {isa = PBXFileSystemSynchronizedRootGroup; explicitFileTypes = {}; explicitFolders = (); path = PlaybackComponent; sourceTree = "<group>"; };
/* End PBXFileSystemSynchronizedRootGroup section */

/* Begin PBXFrameworksBuildPhase section */
		BA6FDB6E278A4E218E974A6A /* Frameworks */ = {
			isa = PBXFrameworksBuildPhase;
			buildActionMask = 2147483647;
			files = (
			);
			runOnlyForDeploymentPostprocessing = 0;
		};
/* End PBXFrameworksBuildPhase section */

/* Begin PBXGroup section */
		0746646AA5084C3CA66D90F6 /* Library */ = {
			isa = PBXGroup;
			children = (
				277A11A435994C7C21BE7A93 /* Pages */,
				3D3A1233D446F50B37DDB448 /* Components */,
			);
			path = Library;
			sourceTree = "<group>";
		};
		26F50DCE09913BC0078E5F09 /* Components */ = {
			isa = PBXGroup;
			children = (
				6851B78830308B3A00940510 /* Skeleton3DSceneView.swift */,
			);
			path = Components;
			sourceTree = "<group>";
		};
		277A11A435994C7C21BE7A93 /* Pages */ = {
			isa = PBXGroup;
			children = (
				6851B7983031D97300940510 /* OfflinePlaybackLayer.swift */,
				6851B7943031D57800940510 /* OfflinePlaybackView.swift */,
				CDC3371247FC4A41A1F41C0F /* LibraryView.swift */,
				7A2EACC8906161F57BB8245E /* LibraryEngine.swift */,
			);
			path = Pages;
			sourceTree = "<group>";
		};
		2B883D25CF86451EA38202AA /* Components */ = {
			isa = PBXGroup;
			children = (
				6851B7AA3032B2BD00940510 /* AnnotationComponent.swift */,
				3702A0EF35964E97A7E1D492 /* ARMeshSceneView.swift */,
				A616EBAFCA4445988B933BE9 /* MeshToggleButton.swift */,
				9680E2037EF0E5336B5BACA6 /* PlaybackModel.swift */,
				925CFC13EAECBC1BFF788E21 /* SkeletonImageOverlayView.swift */,
			);
			path = Components;
			sourceTree = "<group>";
		};
		358F98F5A91CBC675D091BA1 /* Pages */ = {
			isa = PBXGroup;
			children = (
				6851B784303089DA00940510 /* Skeleton3DView.swift */,
				6851B77E3030575F00940510 /* Generate3DEngine.swift */,
			);
			path = Pages;
			sourceTree = "<group>";
		};
		3D3A1233D446F50B37DDB448 /* Components */ = {
			isa = PBXGroup;
			children = (
				6851B7923031D53B00940510 /* LibraryRow.swift */,
			);
			path = Components;
			sourceTree = "<group>";
		};
		41F75D8BD2244A8FB1682FD2 /* Reconstruction */ = {
			isa = PBXGroup;
			children = (
				358F98F5A91CBC675D091BA1 /* Pages */,
				26F50DCE09913BC0078E5F09 /* Components */,
			);
			path = Reconstruction;
			sourceTree = "<group>";
		};
		6851B748302EE4AC00940510 /* Recovered References */ = {
			isa = PBXGroup;
			children = (
				1A8F2D9D302AEBF2005888A8 /* Onboarding */,
			);
			name = "Recovered References";
			sourceTree = "<group>";
		};
		6851B774302F656600940510 /* Persistence */ = {
			isa = PBXGroup;
			children = (
				6851B776302F65F400940510 /* SessionStoreV2.swift */,
			);
			path = Persistence;
			sourceTree = "<group>";
		};
		6851B77B30304AEF00940510 /* RecordingComponent */ = {
			isa = PBXGroup;
			children = (
				6851B77C30304F8600940510 /* RecordingThumbnail.swift */,
			);
			path = RecordingComponent;
			sourceTree = "<group>";
		};
		832A34B5D1194C9A8D3DDB9D /* Recording */ = {
			isa = PBXGroup;
			children = (
				D85CCAB55A88FB7D404872C9 /* Pages */,
			);
			path = Recording;
			sourceTree = "<group>";
		};
		84F89BFA6AC94AB09ECF5216 /* ModelDB */ = {
			isa = PBXGroup;
			children = (
				6851B78030305BC800940510 /* Video3DLidarModel.swift */,
				6851B768302F5FBD00940510 /* VideoAttemptV2.swift */,
				6851B766302F5F4C00940510 /* RecordingSessionV2.swift */,
				42BF999F98834402830605C8 /* EnumModels.swift */,
				6851B75A302F349B00940510 /* VideoMarkerModel.swift */,
				6851B758302F18EB00940510 /* AnnotationStrokeModel.swift */,
				20B2647AD84A4B6F936DA85C /* CodableSIMD.swift */,
				AD01BFB14BE3474B9C27A515 /* WallScanArchive.swift */,
				AD5512CAFDE841AFB01DCEDF /* SessionFileStore.swift */,
			);
			path = ModelDB;
			sourceTree = "<group>";
		};
		8F58071BC38A4B6DB9D8008A /* Capture */ = {
			isa = PBXGroup;
			children = (
				6851B78E3030C86900940510 /* VideoRecorderEngine.swift */,
				6851B78C3030C75F00940510 /* ARFrameData.swift */,
				11847F3954984489906204D4 /* ARSessionManager.swift */,
				230F572E3FAC418F97998530 /* PixelBufferCopy.swift */,
				9580A7E9AC6F41949CB81ABC /* VideoFrameExtractor.swift */,
				923E1FFE35ED43AA92BA1AF2 /* DeviceDiagnostics.swift */,
			);
			path = Capture;
			sourceTree = "<group>";
		};
		945644852FB444808C4EC84F = {
			isa = PBXGroup;
			children = (
				DCC4545EE6244131AD317726 /* SendSociety */,
				A120921418274E2D8E25CD04 /* Products */,
				6851B748302EE4AC00940510 /* Recovered References */,
			);
			sourceTree = "<group>";
		};
		9C3D9E1AAF5B4E2A9C0F7B31 /* PoseReconstruction */ = {
			isa = PBXGroup;
			children = (
				6851B7963031D87000940510 /* AppleVisionEstimator.swift */,
				6851B78A30308C8800940510 /* Video3DRealityKit.swift */,
				6851B78630308A7900940510 /* AppleVisionSkeleton.swift */,
				6851B7823030791600940510 /* Video3DLidarGenerator.swift */,
				FBC944814DE1B8BBD1B61C42 /* PersonPresenceDetector.swift */,
				F51954CE07428B14B9FF01B5 /* SkeletonPoseEditor.swift */,
				901F77D623A462E5F44D0125 /* JointDragProjector.swift */,
			);
			path = PoseReconstruction;
			sourceTree = "<group>";
		};
		A120921418274E2D8E25CD04 /* Products */ = {
			isa = PBXGroup;
			children = (
				27E4A34523354A76B854D9EF /* SendSociety.app */,
			);
			name = Products;
			sourceTree = "<group>";
		};
		B0E8DE97AC814F5FA1113BC7 /* Resources */ = {
			isa = PBXGroup;
			children = (
				4627689E22B94DEBB591BB78 /* Assets.xcassets */,
				017E50A5312541079C0CCA68 /* Info.plist */,
			);
			path = Resources;
			sourceTree = "<group>";
		};
		D58979A097D144C2A7F9AB24 /* Core */ = {
			isa = PBXGroup;
			children = (
				6851B774302F656600940510 /* Persistence */,
				D861829D58114A9AADE83B96 /* DebugLog.swift */,
				D5D86334302B42F0ADDD357A /* DeveloperSettings.swift */,
				BF324A61D6564EBD9F31224A /* LiDARSupport.swift */,
				BEB6192C006A4D5AAC83C296 /* UserIdentity.swift */,
				8F58071BC38A4B6DB9D8008A /* Capture */,
				9C3D9E1AAF5B4E2A9C0F7B31 /* PoseReconstruction */,
				84F89BFA6AC94AB09ECF5216 /* ModelDB */,
			);
			path = Core;
			sourceTree = "<group>";
		};
		D85CCAB55A88FB7D404872C9 /* Pages */ = {
			isa = PBXGroup;
			children = (
				6851B7903030C90300940510 /* RecordingEngineV2.swift */,
				6851B77B30304AEF00940510 /* RecordingComponent */,
				6851B779303039FD00940510 /* PlaybackLayerV2.swift */,
				6851B764302F509F00940510 /* RecordingViewV2.swift */,
				6851B74B302EE59D00940510 /* PlaybackComponent */,
				6851B749302EE57400940510 /* PlaybackViewV2.swift */,
				5ABB3C7555213BF17F8CE38E /* PlaybackEngine.swift */,
			);
			path = Pages;
			sourceTree = "<group>";
		};
		DA503DBA94B84CF89FE3BBF5 /* Features */ = {
			isa = PBXGroup;
			children = (
				41F75D8BD2244A8FB1682FD2 /* Reconstruction */,
				832A34B5D1194C9A8D3DDB9D /* Recording */,
				0746646AA5084C3CA66D90F6 /* Library */,
				F3058A7FD2419F0BEA0A4696 /* Commons */,
			);
			path = Features;
			sourceTree = "<group>";
		};
		DCC4545EE6244131AD317726 /* SendSociety */ = {
			isa = PBXGroup;
			children = (
				CD60C283C01847C79E70DCB9 /* ContentView.swift */,
				1E5E1CA18D9647FFA80F535D /* SendSocietyApp.swift */,
				D58979A097D144C2A7F9AB24 /* Core */,
				DA503DBA94B84CF89FE3BBF5 /* Features */,
				B0E8DE97AC814F5FA1113BC7 /* Resources */,
			);
			path = SendSociety;
			sourceTree = "<group>";
		};
		F3058A7FD2419F0BEA0A4696 /* Commons */ = {
			isa = PBXGroup;
			children = (
				2B883D25CF86451EA38202AA /* Components */,
			);
			path = Commons;
			sourceTree = "<group>";
		};
/* End PBXGroup section */

/* Begin PBXNativeTarget section */
		8500C90B110F42CF892405C1 /* SendSociety */ = {
			isa = PBXNativeTarget;
			buildConfigurationList = 7C3A802575F24580B073FAF9 /* Build configuration list for PBXNativeTarget "SendSociety" */;
			buildPhases = (
				29A355EB29224DEC860B990C /* Sources */,
				BA6FDB6E278A4E218E974A6A /* Frameworks */,
				998CB726331A401A95137CBC /* Resources */,
			);
			buildRules = (
			);
			dependencies = (
			);
			fileSystemSynchronizedGroups = (
				1A8F2D9D302AEBF2005888A8 /* Onboarding */,
				6851B74B302EE59D00940510 /* PlaybackComponent */,
			);
			name = SendSociety;
			productName = SendSociety;
			productReference = 27E4A34523354A76B854D9EF /* SendSociety.app */;
			productType = "com.apple.product-type.application";
		};
/* End PBXNativeTarget section */

/* Begin PBXProject section */
		52960A36A2AF450B86F5472C /* Project object */ = {
			isa = PBXProject;
			attributes = {
				BuildIndependentTargetsInParallel = 1;
				LastSwiftUpdateCheck = 1520;
				LastUpgradeCheck = 1520;
				TargetAttributes = {
					8500C90B110F42CF892405C1 = {
						CreatedOnToolsVersion = 15.2;
					};
				};
			};
			buildConfigurationList = A1C1654F6AA7441AB2B293BF /* Build configuration list for PBXProject "SendSociety" */;
			compatibilityVersion = "Xcode 14.0";
			developmentRegion = en;
			hasScannedForEncodings = 0;
			knownRegions = (
				en,
				Base,
			);
			mainGroup = 945644852FB444808C4EC84F;
			productRefGroup = A120921418274E2D8E25CD04 /* Products */;
			projectDirPath = "";
			projectRoot = "";
			targets = (
				8500C90B110F42CF892405C1 /* SendSociety */,
			);
		};
/* End PBXProject section */

/* Begin PBXResourcesBuildPhase section */
		998CB726331A401A95137CBC /* Resources */ = {
			isa = PBXResourcesBuildPhase;
			buildActionMask = 2147483647;
			files = (
				9AE9D271DFEB4188832DD8AD /* Assets.xcassets in Resources */,
			);
			runOnlyForDeploymentPostprocessing = 0;
		};
/* End PBXResourcesBuildPhase section */

/* Begin PBXSourcesBuildPhase section */
		29A355EB29224DEC860B990C /* Sources */ = {
			isa = PBXSourcesBuildPhase;
			buildActionMask = 2147483647;
			files = (
				6851B78D3030C76D00940510 /* ARFrameData.swift in Sources */,
				6851B78B30308CAB00940510 /* Video3DRealityKit.swift in Sources */,
				05E7BED3019A4D3EAB1E789A /* ContentView.swift in Sources */,
				6851B759302F18F800940510 /* AnnotationStrokeModel.swift in Sources */,
				BAA080405F83421C8E619A5B /* ARSessionManager.swift in Sources */,
				6851B77D30304F9300940510 /* RecordingThumbnail.swift in Sources */,
				6851B77A30303A1500940510 /* PlaybackLayerV2.swift in Sources */,
				5BE800B626F1829814106523 /* PersonPresenceDetector.swift in Sources */,
				6851B78930308B4600940510 /* Skeleton3DSceneView.swift in Sources */,
				6851B77F3030576A00940510 /* Generate3DEngine.swift in Sources */,
				5AA69FCF5B014BF99A6F3571 /* DebugLog.swift in Sources */,
				668D2FDE36D8430C9E10EED4 /* DeveloperSettings.swift in Sources */,
				6851B75B302F34AA00940510 /* VideoMarkerModel.swift in Sources */,
				6851B7913030C90400940510 /* RecordingEngineV2.swift in Sources */,
				66C88F3E087B464E87388EB7 /* LiDARSupport.swift in Sources */,
				D96EA0DEEE064E5AA1092966 /* EnumModels.swift in Sources */,
				D5FD368E50CF49F0BFBDA362 /* PixelBufferCopy.swift in Sources */,
				6851B777302F660700940510 /* SessionStoreV2.swift in Sources */,
				346E888023EFF2C93B268470 /* JointDragProjector.swift in Sources */,
				6851B769302F5FC100940510 /* VideoAttemptV2.swift in Sources */,
				18D235F2DD5FE6F2CA7739D8 /* PlaybackEngine.swift in Sources */,
				384F9F216209C9E2C51394F9 /* PlaybackModel.swift in Sources */,
				D3373B559DA7FDC2CCE1AF39 /* SkeletonImageOverlayView.swift in Sources */,
				6851B7973031D87500940510 /* AppleVisionEstimator.swift in Sources */,
				6851B78F3030C87400940510 /* VideoRecorderEngine.swift in Sources */,
				6851B785303089FE00940510 /* Skeleton3DView.swift in Sources */,
				6851B7AB3032B2BD00940510 /* AnnotationComponent.swift in Sources */,
				6851B7833030792100940510 /* Video3DLidarGenerator.swift in Sources */,
				9B1B8797B9AB48D784BAD1CB /* ARMeshSceneView.swift in Sources */,
				EBDE42897A9A40BAAC39292C /* MeshToggleButton.swift in Sources */,
				6851B78730308A7F00940510 /* AppleVisionSkeleton.swift in Sources */,
				9F3042E7A5794DB897BA4FDB /* SendSocietyApp.swift in Sources */,
				6A486FC48327CB3E4DD890A2 /* SkeletonPoseEditor.swift in Sources */,
				6851B7933031D53F00940510 /* LibraryRow.swift in Sources */,
				4F0F396089DB4A62ABFE8E38 /* UserIdentity.swift in Sources */,
				6851B78130305BFE00940510 /* Video3DLidarModel.swift in Sources */,
				75B89066060A4F8699D2A31E /* CodableSIMD.swift in Sources */,
				6851B7953031D58200940510 /* OfflinePlaybackView.swift in Sources */,
				C97AA6126687468B83098033 /* WallScanArchive.swift in Sources */,
				F67314CEECD44118860F3125 /* SessionFileStore.swift in Sources */,
				6851B767302F5F5000940510 /* RecordingSessionV2.swift in Sources */,
				6851B7993031D97E00940510 /* OfflinePlaybackLayer.swift in Sources */,
				2F6E44EBB24449EDA0D45D5A /* LibraryView.swift in Sources */,
				DC9F38EBD4AEF3CFF2222AA4 /* LibraryEngine.swift in Sources */,
				6851B74A302EE58100940510 /* PlaybackViewV2.swift in Sources */,
				6851B765302F50A500940510 /* RecordingViewV2.swift in Sources */,
				7CF90842E6D24633978BE72F /* VideoFrameExtractor.swift in Sources */,
				9702347BBA1E4DC8BEDFAB0B /* DeviceDiagnostics.swift in Sources */,
			);
			runOnlyForDeploymentPostprocessing = 0;
		};
/* End PBXSourcesBuildPhase section */

/* Begin XCBuildConfiguration section */
		0171D6D7E04B41539A435F6F /* Release */ = {
			isa = XCBuildConfiguration;
			buildSettings = {
				ALWAYS_SEARCH_USER_PATHS = NO;
				ASSETCATALOG_COMPILER_GENERATE_SWIFT_ASSET_SYMBOL_EXTENSIONS = YES;
				CLANG_ANALYZER_NONNULL = YES;
				CLANG_ANALYZER_NUMBER_OBJECT_CONVERSION = YES_AGGRESSIVE;
				CLANG_CXX_LANGUAGE_STANDARD = "gnu++20";
				CLANG_ENABLE_MODULES = YES;
				CLANG_ENABLE_OBJC_ARC = YES;
				CLANG_ENABLE_OBJC_WEAK = YES;
				CLANG_WARN_BLOCK_CAPTURE_AUTORELEASING = YES;
				CLANG_WARN_BOOL_CONVERSION = YES;
				CLANG_WARN_COMMA = YES;
				CLANG_WARN_CONSTANT_CONVERSION = YES;
				CLANG_WARN_DEPRECATED_OBJC_IMPLEMENTATIONS = YES;
				CLANG_WARN_DIRECT_OBJC_ISA_USAGE = YES_ERROR;
				CLANG_WARN_DOCUMENTATION_COMMENTS = YES;
				CLANG_WARN_EMPTY_BODY = YES;
				CLANG_WARN_ENUM_CONVERSION = YES;
				CLANG_WARN_INFINITE_RECURSION = YES;
				CLANG_WARN_INT_CONVERSION = YES;
				CLANG_WARN_NON_LITERAL_NULL_CONVERSION = YES;
				CLANG_WARN_OBJC_IMPLICIT_RETAIN_SELF = YES;
				CLANG_WARN_OBJC_LITERAL_CONVERSION = YES;
				CLANG_WARN_OBJC_ROOT_CLASS = YES_ERROR;
				CLANG_WARN_QUOTED_INCLUDE_IN_FRAMEWORK_HEADER = YES;
				CLANG_WARN_RANGE_LOOP_ANALYSIS = YES;
				CLANG_WARN_STRICT_PROTOTYPES = YES;
				CLANG_WARN_SUSPICIOUS_MOVE = YES;
				CLANG_WARN_UNGUARDED_AVAILABILITY = YES_AGGRESSIVE;
				CLANG_WARN_UNREACHABLE_CODE = YES;
				CLANG_WARN__DUPLICATE_METHOD_MATCH = YES;
				COPY_PHASE_STRIP = NO;
				DEBUG_INFORMATION_FORMAT = "dwarf-with-dsym";
				ENABLE_NS_ASSERTIONS = NO;
				ENABLE_STRICT_OBJC_MSGSEND = YES;
				ENABLE_USER_SCRIPT_SANDBOXING = YES;
				GCC_C_LANGUAGE_STANDARD = gnu17;
				GCC_NO_COMMON_BLOCKS = YES;
				GCC_WARN_64_TO_32_BIT_CONVERSION = YES;
				GCC_WARN_ABOUT_RETURN_TYPE = YES_ERROR;
				GCC_WARN_UNDECLARED_SELECTOR = YES;
				GCC_WARN_UNINITIALIZED_AUTOS = YES_AGGRESSIVE;
				GCC_WARN_UNUSED_FUNCTION = YES;
				GCC_WARN_UNUSED_VARIABLE = YES;
				IPHONEOS_DEPLOYMENT_TARGET = 17.0;
				LOCALIZATION_PREFERS_STRING_CATALOGS = YES;
				MTL_ENABLE_DEBUG_INFO = NO;
				MTL_FAST_MATH = YES;
				SDKROOT = iphoneos;
				SWIFT_COMPILATION_MODE = wholemodule;
				VALIDATE_PRODUCT = YES;
			};
			name = Release;
		};
		14711A3C9C9B43BD97C7396A /* Debug */ = {
			isa = XCBuildConfiguration;
			buildSettings = {
				ALWAYS_SEARCH_USER_PATHS = NO;
				ASSETCATALOG_COMPILER_GENERATE_SWIFT_ASSET_SYMBOL_EXTENSIONS = YES;
				CLANG_ANALYZER_NONNULL = YES;
				CLANG_ANALYZER_NUMBER_OBJECT_CONVERSION = YES_AGGRESSIVE;
				CLANG_CXX_LANGUAGE_STANDARD = "gnu++20";
				CLANG_ENABLE_MODULES = YES;
				CLANG_ENABLE_OBJC_ARC = YES;
				CLANG_ENABLE_OBJC_WEAK = YES;
				CLANG_WARN_BLOCK_CAPTURE_AUTORELEASING = YES;
				CLANG_WARN_BOOL_CONVERSION = YES;
				CLANG_WARN_COMMA = YES;
				CLANG_WARN_CONSTANT_CONVERSION = YES;
				CLANG_WARN_DEPRECATED_OBJC_IMPLEMENTATIONS = YES;
				CLANG_WARN_DIRECT_OBJC_ISA_USAGE = YES_ERROR;
				CLANG_WARN_DOCUMENTATION_COMMENTS = YES;
				CLANG_WARN_EMPTY_BODY = YES;
				CLANG_WARN_ENUM_CONVERSION = YES;
				CLANG_WARN_INFINITE_RECURSION = YES;
				CLANG_WARN_INT_CONVERSION = YES;
				CLANG_WARN_NON_LITERAL_NULL_CONVERSION = YES;
				CLANG_WARN_OBJC_IMPLICIT_RETAIN_SELF = YES;
				CLANG_WARN_OBJC_LITERAL_CONVERSION = YES;
				CLANG_WARN_OBJC_ROOT_CLASS = YES_ERROR;
				CLANG_WARN_QUOTED_INCLUDE_IN_FRAMEWORK_HEADER = YES;
				CLANG_WARN_RANGE_LOOP_ANALYSIS = YES;
				CLANG_WARN_STRICT_PROTOTYPES = YES;
				CLANG_WARN_SUSPICIOUS_MOVE = YES;
				CLANG_WARN_UNGUARDED_AVAILABILITY = YES_AGGRESSIVE;
				CLANG_WARN_UNREACHABLE_CODE = YES;
				CLANG_WARN__DUPLICATE_METHOD_MATCH = YES;
				COPY_PHASE_STRIP = NO;
				DEBUG_INFORMATION_FORMAT = dwarf;
				ENABLE_STRICT_OBJC_MSGSEND = YES;
				ENABLE_TESTABILITY = YES;
				ENABLE_USER_SCRIPT_SANDBOXING = YES;
				GCC_C_LANGUAGE_STANDARD = gnu17;
				GCC_DYNAMIC_NO_PIC = NO;
				GCC_NO_COMMON_BLOCKS = YES;
				GCC_OPTIMIZATION_LEVEL = 0;
				GCC_PREPROCESSOR_DEFINITIONS = (
					"DEBUG=1",
					"$(inherited)",
				);
				GCC_WARN_64_TO_32_BIT_CONVERSION = YES;
				GCC_WARN_ABOUT_RETURN_TYPE = YES_ERROR;
				GCC_WARN_UNDECLARED_SELECTOR = YES;
				GCC_WARN_UNINITIALIZED_AUTOS = YES_AGGRESSIVE;
				GCC_WARN_UNUSED_FUNCTION = YES;
				GCC_WARN_UNUSED_VARIABLE = YES;
				IPHONEOS_DEPLOYMENT_TARGET = 17.0;
				LOCALIZATION_PREFERS_STRING_CATALOGS = YES;
				MTL_ENABLE_DEBUG_INFO = INCLUDE_SOURCE;
				MTL_FAST_MATH = YES;
				ONLY_ACTIVE_ARCH = YES;
				SDKROOT = iphoneos;
				SWIFT_ACTIVE_COMPILATION_CONDITIONS = DEBUG;
				SWIFT_OPTIMIZATION_LEVEL = "-Onone";
			};
			name = Debug;
		};
		152F4CC45AA64C33B00C8770 /* Release */ = {
			isa = XCBuildConfiguration;
			buildSettings = {
				ASSETCATALOG_COMPILER_APPICON_NAME = AppIcon;
				ASSETCATALOG_COMPILER_GLOBAL_ACCENT_COLOR_NAME = AccentColor;
				CODE_SIGN_STYLE = Automatic;
				CURRENT_PROJECT_VERSION = 1;
				DEVELOPMENT_TEAM = 6782G2M9AF;
				GENERATE_INFOPLIST_FILE = YES;
				INFOPLIST_FILE = SendSociety/Resources/Info.plist;
				INFOPLIST_KEY_UILaunchScreen_Generation = YES;
				INFOPLIST_KEY_UIRequiresFullScreen = NO;
				INFOPLIST_KEY_UISupportedInterfaceOrientations = "UIInterfaceOrientationPortrait UIInterfaceOrientationLandscapeLeft UIInterfaceOrientationLandscapeRight";
				INFOPLIST_KEY_UISupportedInterfaceOrientations_iPad = "UIInterfaceOrientationPortrait UIInterfaceOrientationPortraitUpsideDown UIInterfaceOrientationLandscapeLeft UIInterfaceOrientationLandscapeRight";
				IPHONEOS_DEPLOYMENT_TARGET = 26;
				LD_RUNPATH_SEARCH_PATHS = (
					"$(inherited)",
					"@executable_path/Frameworks",
				);
				MARKETING_VERSION = 1.0;
				PRODUCT_BUNDLE_IDENTIFIER = com.sendsociety.climbcoach;
				PRODUCT_NAME = "$(TARGET_NAME)";
				SWIFT_EMIT_LOC_STRINGS = YES;
				SWIFT_VERSION = 5.0;
				TARGETED_DEVICE_FAMILY = "1,2";
			};
			name = Release;
		};
		D51B17D9B85F430E8297E719 /* Debug */ = {
			isa = XCBuildConfiguration;
			buildSettings = {
				ASSETCATALOG_COMPILER_APPICON_NAME = AppIcon;
				ASSETCATALOG_COMPILER_GLOBAL_ACCENT_COLOR_NAME = AccentColor;
				CODE_SIGN_STYLE = Automatic;
				CURRENT_PROJECT_VERSION = 1;
				DEVELOPMENT_TEAM = 6782G2M9AF;
				GENERATE_INFOPLIST_FILE = YES;
				INFOPLIST_FILE = SendSociety/Resources/Info.plist;
				INFOPLIST_KEY_UILaunchScreen_Generation = YES;
				INFOPLIST_KEY_UIRequiresFullScreen = NO;
				INFOPLIST_KEY_UISupportedInterfaceOrientations = "UIInterfaceOrientationPortrait UIInterfaceOrientationLandscapeLeft UIInterfaceOrientationLandscapeRight";
				INFOPLIST_KEY_UISupportedInterfaceOrientations_iPad = "UIInterfaceOrientationPortrait UIInterfaceOrientationPortraitUpsideDown UIInterfaceOrientationLandscapeLeft UIInterfaceOrientationLandscapeRight";
				IPHONEOS_DEPLOYMENT_TARGET = 26;
				LD_RUNPATH_SEARCH_PATHS = (
					"$(inherited)",
					"@executable_path/Frameworks",
				);
				MARKETING_VERSION = 1.0;
				PRODUCT_BUNDLE_IDENTIFIER = com.sendsociety.climbcoach;
				PRODUCT_NAME = "$(TARGET_NAME)";
				SWIFT_EMIT_LOC_STRINGS = YES;
				SWIFT_VERSION = 5.0;
				TARGETED_DEVICE_FAMILY = "1,2";
			};
			name = Debug;
		};
/* End XCBuildConfiguration section */

/* Begin XCConfigurationList section */
		7C3A802575F24580B073FAF9 /* Build configuration list for PBXNativeTarget "SendSociety" */ = {
			isa = XCConfigurationList;
			buildConfigurations = (
				D51B17D9B85F430E8297E719 /* Debug */,
				152F4CC45AA64C33B00C8770 /* Release */,
			);
			defaultConfigurationIsVisible = 0;
			defaultConfigurationName = Release;
		};
		A1C1654F6AA7441AB2B293BF /* Build configuration list for PBXProject "SendSociety" */ = {
			isa = XCConfigurationList;
			buildConfigurations = (
				14711A3C9C9B43BD97C7396A /* Debug */,
				0171D6D7E04B41539A435F6F /* Release */,
			);
			defaultConfigurationIsVisible = 0;
			defaultConfigurationName = Release;
		};
/* End XCConfigurationList section */
	};
	rootObject = 52960A36A2AF450B86F5472C /* Project object */;
}
